{
  "name": "information-retrieval",
  "version": "1.0.0",
  "lockfileVersion": 3,
  "requires": true,
  "packages": {
    "": {
      "name": "information-retrieval",
      "version": "1.0.0",
      "license": "ISC",
      "dependencies": {
        "@types/natural": "^5.1.2",
        "@types/node": "^20.4.2",
        "@types/stopword": "^2.0.0",
        "csv-parser": "^3.0.0",
        "fs": "^0.0.1-security",
        "stopword": "^2.0.8"
      }
    },
    "node_modules/@types/natural": {
      "version": "5.1.2",
      "resolved": "https://registry.npmjs.org/@types/natural/-/natural-5.1.2.tgz",
      "integrity": "sha512-08zxrotBK6bUuHyVdNcLW1D4ZFNfDmWU2EyDEjw9hYH+s/uPdA75yRVWguNFig6uhdGHWfzrjQKO/1w5tYv81Q==",
      "dependencies": {
        "@types/node": "*"
      }
    },
    "node_modules/@types/node": {
      "version": "20.4.2",
      "resolved": "https://registry.npmjs.org/@types/node/-/node-20.4.2.tgz",
      "integrity": "sha512-Dd0BYtWgnWJKwO1jkmTrzofjK2QXXcai0dmtzvIBhcA+RsG5h8R3xlyta0kGOZRNfL9GuRtb1knmPEhQrePCEw=="
    },
    "node_modules/@types/stopword": {
      "version": "2.0.0",
      "resolved": "https://registry.npmjs.org/@types/stopword/-/stopword-2.0.0.tgz",
      "integrity": "sha512-R9g+FLEFzxRANryn5f2Beg7WMMopGBNI6Ghi3+8WrOZL7C063db0VuVrEpbKrML8o6sOryNN81ms9waSJITJqw=="
    },
    "node_modules/csv-parser": {
      "version": "3.0.0",
      "resolved": "https://registry.npmjs.org/csv-parser/-/csv-parser-3.0.0.tgz",
      "integrity": "sha512-s6OYSXAK3IdKqYO33y09jhypG/bSDHPuyCme/IdEHfWpLf/jKcpitVFyOC6UemgGk8v7Q5u2XE0vvwmanxhGlQ==",
      "dependencies": {
        "minimist": "^1.2.0"
      },
      "bin": {
        "csv-parser": "bin/csv-parser"
      },
      "engines": {
        "node": ">= 10"
      }
    },
    "node_modules/fs": {
      "version": "0.0.1-security",
      "resolved": "https://registry.npmjs.org/fs/-/fs-0.0.1-security.tgz",
      "integrity": "sha512-3XY9e1pP0CVEUCdj5BmfIZxRBTSDycnbqhIOGec9QYtmVH2fbLpj86CFWkrNOkt/Fvty4KZG5lTglL9j/gJ87w=="
    },
    "node_modules/minimist": {
      "version": "1.2.8",
      "resolved": "https://registry.npmjs.org/minimist/-/minimist-1.2.8.tgz",
      "integrity": "sha512-2yyAR8qBkN3YuheJanUpWC5U3bb5osDywNB8RzDVlDwDHbocAJveqqj1u8+SVD7jkWT4yvsHCpWqqWqAxb0zCA==",
      "funding": {
        "url": "https://github.com/sponsors/ljharb"
      }
    },
    "node_modules/stopword": {
      "version": "2.0.8",
      "resolved": "https://registry.npmjs.org/stopword/-/stopword-2.0.8.tgz",
      "integrity": "sha512-btlEC2vEuhCuvshz99hSGsY8GzaP5qzDPQm56j6rR/R38p8xdsOXgU5a6tIgvU/4hcCta1Vlo/2FVXA9m0f8XA=="
    }
  }
}
